
Microsoft Visual Studio Solution File, Format Version 12.00
# Visual Studio 14
VisualStudioVersion = 14.0.24720.0
MinimumVisualStudioVersion = 10.0.40219.1
Project("{FAE04EC0-301F-11D3-BF4B-00C04F79EFBC}") = "QuantifyMe", "QuantifyMe\QuantifyMe.csproj", "{4545FE1F-7E47-4AFA-A6E0-CA3270345F91}"
EndProject
Project("{FAE04EC0-301F-11D3-BF4B-00C04F79EFBC}") = "QuantifyMe81", "QuantifyMe81\QuantifyMe81.csproj", "{1104548D-B39F-47CD-963E-84BD159C697D}"
EndProject
Project("{FAE04EC0-301F-11D3-BF4B-00C04F79EFBC}") = "QuantifyMeHub", "QuantifyMeHub\QuantifyMeHub.csproj", "{E00EAF03-09B9-4AA8-947F-61E003B88DBE}"
EndProject
Project("{2150E333-8FDC-42A3-9474-1A3956D46DE8}") = "PublishScripts", "PublishScripts", "{29AACB9C-0912-43C7-9CDA-01F9090BABB1}"
	ProjectSection(SolutionItems) = preProject
		PublishScripts\AzureVMPublishModule.psm1 = PublishScripts\AzureVMPublishModule.psm1
		PublishScripts\Publish-WebApplicationVM.ps1 = PublishScripts\Publish-WebApplicationVM.ps1
	EndProjectSection
EndProject
Project("{2150E333-8FDC-42A3-9474-1A3956D46DE8}") = "Configurations", "Configurations", "{3E50D52A-F987-4C6E-8A19-50A49D5624C8}"
	ProjectSection(SolutionItems) = preProject
		PublishScripts\Configurations\QuantifyMeHub-WAWS-dev.json = PublishScripts\Configurations\QuantifyMeHub-WAWS-dev.json
	EndProjectSection
EndProject
Project("{FAE04EC0-301F-11D3-BF4B-00C04F79EFBC}") = "QuantifyMeDemo", "QuantifyMeDemo\QuantifyMeDemo.csproj", "{C46B96EE-A0B9-4359-8A1C-0D0D88A18D18}"
EndProject
Global
	GlobalSection(SolutionConfigurationPlatforms) = preSolution
		Debug|Any CPU = Debug|Any CPU
		Debug|ARM = Debug|ARM
		Debug|x64 = Debug|x64
		Debug|x86 = Debug|x86
		Release|Any CPU = Release|Any CPU
		Release|ARM = Release|ARM
		Release|x64 = Release|x64
		Release|x86 = Release|x86
	EndGlobalSection
	GlobalSection(ProjectConfigurationPlatforms) = postSolution
		{4545FE1F-7E47-4AFA-A6E0-CA3270345F91}.Debug|Any CPU.ActiveCfg = Debug|x86
		{4545FE1F-7E47-4AFA-A6E0-CA3270345F91}.Debug|ARM.ActiveCfg = Debug|ARM
		{4545FE1F-7E47-4AFA-A6E0-CA3270345F91}.Debug|ARM.Build.0 = Debug|ARM
		{4545FE1F-7E47-4AFA-A6E0-CA3270345F91}.Debug|ARM.Deploy.0 = Debug|ARM
		{4545FE1F-7E47-4AFA-A6E0-CA3270345F91}.Debug|x64.ActiveCfg = Debug|x64
		{4545FE1F-7E47-4AFA-A6E0-CA3270345F91}.Debug|x64.Build.0 = Debug|x64
		{4545FE1F-7E47-4AFA-A6E0-CA3270345F91}.Debug|x64.Deploy.0 = Debug|x64
		{4545FE1F-7E47-4AFA-A6E0-CA3270345F91}.Debug|x86.ActiveCfg = Debug|x86
		{4545FE1F-7E47-4AFA-A6E0-CA3270345F91}.Debug|x86.Build.0 = Debug|x86
		{4545FE1F-7E47-4AFA-A6E0-CA3270345F91}.Debug|x86.Deploy.0 = Debug|x86
		{4545FE1F-7E47-4AFA-A6E0-CA3270345F91}.Release|Any CPU.ActiveCfg = Release|x86
		{4545FE1F-7E47-4AFA-A6E0-CA3270345F91}.Release|ARM.ActiveCfg = Release|ARM
		{4545FE1F-7E47-4AFA-A6E0-CA3270345F91}.Release|ARM.Build.0 = Release|ARM
		{4545FE1F-7E47-4AFA-A6E0-CA3270345F91}.Release|ARM.Deploy.0 = Release|ARM
		{4545FE1F-7E47-4AFA-A6E0-CA3270345F91}.Release|x64.ActiveCfg = Release|x64
		{4545FE1F-7E47-4AFA-A6E0-CA3270345F91}.Release|x64.Build.0 = Release|x64
		{4545FE1F-7E47-4AFA-A6E0-CA3270345F91}.Release|x64.Deploy.0 = Release|x64
		{4545FE1F-7E47-4AFA-A6E0-CA3270345F91}.Release|x86.ActiveCfg = Release|x86
		{4545FE1F-7E47-4AFA-A6E0-CA3270345F91}.Release|x86.Build.0 = Release|x86
		{4545FE1F-7E47-4AFA-A6E0-CA3270345F91}.Release|x86.Deploy.0 = Release|x86
		{1104548D-B39F-47CD-963E-84BD159C697D}.Debug|Any CPU.ActiveCfg = Debug|Any CPU
		{1104548D-B39F-47CD-963E-84BD159C697D}.Debug|Any CPU.Build.0 = Debug|Any CPU
		{1104548D-B39F-47CD-963E-84BD159C697D}.Debug|Any CPU.Deploy.0 = Debug|Any CPU
		{1104548D-B39F-47CD-963E-84BD159C697D}.Debug|ARM.ActiveCfg = Debug|ARM
		{1104548D-B39F-47CD-963E-84BD159C697D}.Debug|ARM.Build.0 = Debug|ARM
		{1104548D-B39F-47CD-963E-84BD159C697D}.Debug|ARM.Deploy.0 = Debug|ARM
		{1104548D-B39F-47CD-963E-84BD159C697D}.Debug|x64.ActiveCfg = Debug|Any CPU
		{1104548D-B39F-47CD-963E-84BD159C697D}.Debug|x64.Build.0 = Debug|Any CPU
		{1104548D-B39F-47CD-963E-84BD159C697D}.Debug|x64.Deploy.0 = Debug|Any CPU
		{1104548D-B39F-47CD-963E-84BD159C697D}.Debug|x86.ActiveCfg = Debug|x86
		{1104548D-B39F-47CD-963E-84BD159C697D}.Debug|x86.Build.0 = Debug|x86
		{1104548D-B39F-47CD-963E-84BD159C697D}.Debug|x86.Deploy.0 = Debug|x86
		{1104548D-B39F-47CD-963E-84BD159C697D}.Release|Any CPU.ActiveCfg = Release|Any CPU
		{1104548D-B39F-47CD-963E-84BD159C697D}.Release|Any CPU.Build.0 = Release|Any CPU
		{1104548D-B39F-47CD-963E-84BD159C697D}.Release|Any CPU.Deploy.0 = Release|Any CPU
		{1104548D-B39F-47CD-963E-84BD159C697D}.Release|ARM.ActiveCfg = Release|ARM
		{1104548D-B39F-47CD-963E-84BD159C697D}.Release|ARM.Build.0 = Release|ARM
		{1104548D-B39F-47CD-963E-84BD159C697D}.Release|ARM.Deploy.0 = Release|ARM
		{1104548D-B39F-47CD-963E-84BD159C697D}.Release|x64.ActiveCfg = Release|Any CPU
		{1104548D-B39F-47CD-963E-84BD159C697D}.Release|x64.Build.0 = Release|Any CPU
		{1104548D-B39F-47CD-963E-84BD159C697D}.Release|x64.Deploy.0 = Release|Any CPU
		{1104548D-B39F-47CD-963E-84BD159C697D}.Release|x86.ActiveCfg = Release|x86
		{1104548D-B39F-47CD-963E-84BD159C697D}.Release|x86.Build.0 = Release|x86
		{1104548D-B39F-47CD-963E-84BD159C697D}.Release|x86.Deploy.0 = Release|x86
		{E00EAF03-09B9-4AA8-947F-61E003B88DBE}.Debug|Any CPU.ActiveCfg = Debug|Any CPU
		{E00EAF03-09B9-4AA8-947F-61E003B88DBE}.Debug|Any CPU.Build.0 = Debug|Any CPU
		{E00EAF03-09B9-4AA8-947F-61E003B88DBE}.Debug|ARM.ActiveCfg = Debug|Any CPU
		{E00EAF03-09B9-4AA8-947F-61E003B88DBE}.Debug|ARM.Build.0 = Debug|Any CPU
		{E00EAF03-09B9-4AA8-947F-61E003B88DBE}.Debug|x64.ActiveCfg = Debug|Any CPU
		{E00EAF03-09B9-4AA8-947F-61E003B88DBE}.Debug|x64.Build.0 = Debug|Any CPU
		{E00EAF03-09B9-4AA8-947F-61E003B88DBE}.Debug|x86.ActiveCfg = Debug|Any CPU
		{E00EAF03-09B9-4AA8-947F-61E003B88DBE}.Debug|x86.Build.0 = Debug|Any CPU
		{E00EAF03-09B9-4AA8-947F-61E003B88DBE}.Release|Any CPU.ActiveCfg = Release|Any CPU
		{E00EAF03-09B9-4AA8-947F-61E003B88DBE}.Release|Any CPU.Build.0 = Release|Any CPU
		{E00EAF03-09B9-4AA8-947F-61E003B88DBE}.Release|ARM.ActiveCfg = Release|Any CPU
		{E00EAF03-09B9-4AA8-947F-61E003B88DBE}.Release|ARM.Build.0 = Release|Any CPU
		{E00EAF03-09B9-4AA8-947F-61E003B88DBE}.Release|x64.ActiveCfg = Release|Any CPU
		{E00EAF03-09B9-4AA8-947F-61E003B88DBE}.Release|x64.Build.0 = Release|Any CPU
		{E00EAF03-09B9-4AA8-947F-61E003B88DBE}.Release|x86.ActiveCfg = Release|Any CPU
		{E00EAF03-09B9-4AA8-947F-61E003B88DBE}.Release|x86.Build.0 = Release|Any CPU
		{C46B96EE-A0B9-4359-8A1C-0D0D88A18D18}.Debug|Any CPU.ActiveCfg = Debug|x86
		{C46B96EE-A0B9-4359-8A1C-0D0D88A18D18}.Debug|ARM.ActiveCfg = Debug|ARM
		{C46B96EE-A0B9-4359-8A1C-0D0D88A18D18}.Debug|ARM.Build.0 = Debug|ARM
		{C46B96EE-A0B9-4359-8A1C-0D0D88A18D18}.Debug|ARM.Deploy.0 = Debug|ARM
		{C46B96EE-A0B9-4359-8A1C-0D0D88A18D18}.Debug|x64.ActiveCfg = Debug|x64
		{C46B96EE-A0B9-4359-8A1C-0D0D88A18D18}.Debug|x64.Build.0 = Debug|x64
		{C46B96EE-A0B9-4359-8A1C-0D0D88A18D18}.Debug|x64.Deploy.0 = Debug|x64
		{C46B96EE-A0B9-4359-8A1C-0D0D88A18D18}.Debug|x86.ActiveCfg = Debug|x86
		{C46B96EE-A0B9-4359-8A1C-0D0D88A18D18}.Debug|x86.Build.0 = Debug|x86
		{C46B96EE-A0B9-4359-8A1C-0D0D88A18D18}.Debug|x86.Deploy.0 = Debug|x86
		{C46B96EE-A0B9-4359-8A1C-0D0D88A18D18}.Release|Any CPU.ActiveCfg = Release|x86
		{C46B96EE-A0B9-4359-8A1C-0D0D88A18D18}.Release|ARM.ActiveCfg = Release|ARM
		{C46B96EE-A0B9-4359-8A1C-0D0D88A18D18}.Release|ARM.Build.0 = Release|ARM
		{C46B96EE-A0B9-4359-8A1C-0D0D88A18D18}.Release|ARM.Deploy.0 = Release|ARM
		{C46B96EE-A0B9-4359-8A1C-0D0D88A18D18}.Release|x64.ActiveCfg = Release|x64
		{C46B96EE-A0B9-4359-8A1C-0D0D88A18D18}.Release|x64.Build.0 = Release|x64
		{C46B96EE-A0B9-4359-8A1C-0D0D88A18D18}.Release|x64.Deploy.0 = Release|x64
		{C46B96EE-A0B9-4359-8A1C-0D0D88A18D18}.Release|x86.ActiveCfg = Release|x86
		{C46B96EE-A0B9-4359-8A1C-0D0D88A18D18}.Release|x86.Build.0 = Release|x86
		{C46B96EE-A0B9-4359-8A1C-0D0D88A18D18}.Release|x86.Deploy.0 = Release|x86
	EndGlobalSection
	GlobalSection(SolutionProperties) = preSolution
		HideSolutionNode = FALSE
	EndGlobalSection
	GlobalSection(NestedProjects) = preSolution
		{3E50D52A-F987-4C6E-8A19-50A49D5624C8} = {29AACB9C-0912-43C7-9CDA-01F9090BABB1}
	EndGlobalSection
EndGlobal
